{
  "name": "hexgrid",
  "version": "0.1.0",
  "dependencies": {
    "baconjs": {
      "version": "0.7.36",
      "from": "baconjs@0.7.36",
      "resolved": "https://registry.npmjs.org/baconjs/-/baconjs-0.7.36.tgz"
    },
    "fkit": {
      "version": "0.16.2",
      "from": "fkit@0.16.2"
    },
    "immutable": {
      "version": "3.3.0",
      "from": "immutable@3.3.0",
      "resolved": "https://registry.npmjs.org/immutable/-/immutable-3.3.0.tgz"
    },
    "normalize.css": {
      "version": "3.0.2",
      "from": "https://registry.npmjs.org/normalize.css/-/normalize.css-3.0.2.tgz",
      "resolved": "https://registry.npmjs.org/normalize.css/-/normalize.css-3.0.2.tgz"
    },
    "react": {
      "version": "0.12.1",
      "from": "react@0.12.1",
      "resolved": "https://registry.npmjs.org/react/-/react-0.12.1.tgz",
      "dependencies": {
        "envify": {
          "version": "3.2.0",
          "from": "envify@>=3.0.0 <4.0.0",
          "resolved": "https://registry.npmjs.org/envify/-/envify-3.2.0.tgz",
          "dependencies": {
            "through": {
              "version": "2.3.6",
              "from": "through@>=2.3.4 <2.4.0",
              "resolved": "https://registry.npmjs.org/through/-/through-2.3.6.tgz"
            },
            "jstransform": {
              "version": "7.0.0",
              "from": "jstransform@7.0.0",
              "resolved": "https://registry.npmjs.org/jstransform/-/jstransform-7.0.0.tgz",
              "dependencies": {
                "base62": {
                  "version": "0.1.1",
                  "from": "base62@0.1.1",
                  "resolved": "https://registry.npmjs.org/base62/-/base62-0.1.1.tgz"
                },
                "esprima-fb": {
                  "version": "7001.1.0-dev-harmony-fb",
                  "from": "esprima-fb@>=7001.1.0-dev-harmony-fb <7001.2.0",
                  "resolved": "https://registry.npmjs.org/esprima-fb/-/esprima-fb-7001.1.0-dev-harmony-fb.tgz"
                },
                "source-map": {
                  "version": "0.1.31",
                  "from": "source-map@0.1.31",
                  "resolved": "https://registry.npmjs.org/source-map/-/source-map-0.1.31.tgz",
                  "dependencies": {
                    "amdefine": {
                      "version": "0.1.0",
                      "from": "amdefine@>=0.0.4",
                      "resolved": "https://registry.npmjs.org/amdefine/-/amdefine-0.1.0.tgz"
                    }
                  }
                }
              }
            }
          }
        }
      }
    }
  }
}
